// !$*UTF8*$!
{
	archiveVersion = 1;
	classes = {
	};
	objectVersion = 51;
	objects = {

/* Begin PBXBuildFile section */
		636FC9D53C25D028275A238A /* Pods_VerkaufstDuAuto.framework in Frameworks */ = {isa = PBXBuildFile; fileRef = E3E6E2D39B7906A9D6429625 /* Pods_VerkaufstDuAuto.framework */; };
		880E18C626FF7FB500F555EC /* AutoDetailsView.swift in Sources */ = {isa = PBXBuildFile; fileRef = 880E18C526FF7FB500F555EC /* AutoDetailsView.swift */; };
		880E18C926FF8AC000F555EC /* merkenView.swift in Sources */ = {isa = PBXBuildFile; fileRef = 880E18C826FF8AC000F555EC /* merkenView.swift */; };
		885A79CF26FE7941006E0F04 /* BilderCell.swift in Sources */ = {isa = PBXBuildFile; fileRef = 885A79CE26FE7941006E0F04 /* BilderCell.swift */; };
		885A79D226FE8147006E0F04 /* KontaktdatenView.swift in Sources */ = {isa = PBXBuildFile; fileRef = 885A79D126FE8147006E0F04 /* KontaktdatenView.swift */; };
		885A79D526FE84AB006E0F04 /* fbhandler.swift in Sources */ = {isa = PBXBuildFile; fileRef = 885A79D426FE84AB006E0F04 /* fbhandler.swift */; };
		885A79EF26FE8650006E0F04 /* Bild.swift in Sources */ = {isa = PBXBuildFile; fileRef = 885A79EE26FE8650006E0F04 /* Bild.swift */; };
		885A79F226FE9351006E0F04 /* InserateCell.swift in Sources */ = {isa = PBXBuildFile; fileRef = 885A79F126FE9351006E0F04 /* InserateCell.swift */; };
		88981B6C26FD10DE0004512B /* GoogleService-Info.plist in Resources */ = {isa = PBXBuildFile; fileRef = 88981B6B26FD10DE0004512B /* GoogleService-Info.plist */; };
		88981B9426FD162F0004512B /* SuchenView.swift in Sources */ = {isa = PBXBuildFile; fileRef = 88981B9326FD162F0004512B /* SuchenView.swift */; };
		88981BAB26FD1CF80004512B /* VerkaufenView.swift in Sources */ = {isa = PBXBuildFile; fileRef = 88981BAA26FD1CF80004512B /* VerkaufenView.swift */; };
		88981BDC26FD305A0004512B /* BilderWaehlen.swift in Sources */ = {isa = PBXBuildFile; fileRef = 88981BDB26FD305A0004512B /* BilderWaehlen.swift */; };
		889F60792700A35C0094CD67 /* mapTab.swift in Sources */ = {isa = PBXBuildFile; fileRef = 889F60782700A35C0094CD67 /* mapTab.swift */; };
		88A5ABC7270116760015873A /* infoTab.swift in Sources */ = {isa = PBXBuildFile; fileRef = 88A5ABC6270116760015873A /* infoTab.swift */; };
		88AC7F7626FCA546009B1AF0 /* Inserat.swift in Sources */ = {isa = PBXBuildFile; fileRef = 88AC7F7526FCA546009B1AF0 /* Inserat.swift */; };
		88AD35AE26FC99A400DFE3C0 /* AppDelegate.swift in Sources */ = {isa = PBXBuildFile; fileRef = 88AD35AD26FC99A400DFE3C0 /* AppDelegate.swift */; };
		88AD35B026FC99A400DFE3C0 /* SceneDelegate.swift in Sources */ = {isa = PBXBuildFile; fileRef = 88AD35AF26FC99A400DFE3C0 /* SceneDelegate.swift */; };
		88AD35B526FC99A400DFE3C0 /* Main.storyboard in Resources */ = {isa = PBXBuildFile; fileRef = 88AD35B326FC99A400DFE3C0 /* Main.storyboard */; };
		88AD35B726FC99A500DFE3C0 /* Assets.xcassets in Resources */ = {isa = PBXBuildFile; fileRef = 88AD35B626FC99A500DFE3C0 /* Assets.xcassets */; };
		88AD35BA26FC99A500DFE3C0 /* LaunchScreen.storyboard in Resources */ = {isa = PBXBuildFile; fileRef = 88AD35B826FC99A500DFE3C0 /* LaunchScreen.storyboard */; };
/* End PBXBuildFile section */

/* Begin PBXFileReference section */
		1F9276FF5D48D118A52A7EC5 /* Pods-VerkaufstDuAuto.release.xcconfig */ = {isa = PBXFileReference; includeInIndex = 1; lastKnownFileType = text.xcconfig; name = "Pods-VerkaufstDuAuto.release.xcconfig"; path = "Target Support Files/Pods-VerkaufstDuAuto/Pods-VerkaufstDuAuto.release.xcconfig"; sourceTree = "<group>"; };
		880E18C526FF7FB500F555EC /* AutoDetailsView.swift */ = {isa = PBXFileReference; lastKnownFileType = sourcecode.swift; path = AutoDetailsView.swift; sourceTree = "<group>"; };
		880E18C826FF8AC000F555EC /* merkenView.swift */ = {isa = PBXFileReference; lastKnownFileType = sourcecode.swift; path = merkenView.swift; sourceTree = "<group>"; };
		885A79CE26FE7941006E0F04 /* BilderCell.swift */ = {isa = PBXFileReference; lastKnownFileType = sourcecode.swift; path = BilderCell.swift; sourceTree = "<group>"; };
		885A79D126FE8147006E0F04 /* KontaktdatenView.swift */ = {isa = PBXFileReference; lastKnownFileType = sourcecode.swift; path = KontaktdatenView.swift; sourceTree = "<group>"; };
		885A79D426FE84AB006E0F04 /* fbhandler.swift */ = {isa = PBXFileReference; lastKnownFileType = sourcecode.swift; path = fbhandler.swift; sourceTree = "<group>"; };
		885A79EE26FE8650006E0F04 /* Bild.swift */ = {isa = PBXFileReference; lastKnownFileType = sourcecode.swift; path = Bild.swift; sourceTree = "<group>"; };
		885A79F126FE9351006E0F04 /* InserateCell.swift */ = {isa = PBXFileReference; lastKnownFileType = sourcecode.swift; path = InserateCell.swift; sourceTree = "<group>"; };
		88981B6B26FD10DE0004512B /* GoogleService-Info.plist */ = {isa = PBXFileReference; fileEncoding = 4; lastKnownFileType = text.plist.xml; path = "GoogleService-Info.plist"; sourceTree = "<group>"; };
		88981B9326FD162F0004512B /* SuchenView.swift */ = {isa = PBXFileReference; lastKnownFileType = sourcecode.swift; path = SuchenView.swift; sourceTree = "<group>"; };
		88981BAA26FD1CF80004512B /* VerkaufenView.swift */ = {isa = PBXFileReference; lastKnownFileType = sourcecode.swift; path = VerkaufenView.swift; sourceTree = "<group>"; };
		88981BDB26FD305A0004512B /* BilderWaehlen.swift */ = {isa = PBXFileReference; lastKnownFileType = sourcecode.swift; path = BilderWaehlen.swift; sourceTree = "<group>"; };
		889F60782700A35C0094CD67 /* mapTab.swift */ = {isa = PBXFileReference; lastKnownFileType = sourcecode.swift; path = mapTab.swift; sourceTree = "<group>"; };
		88A5ABC6270116760015873A /* infoTab.swift */ = {isa = PBXFileReference; lastKnownFileType = sourcecode.swift; path = infoTab.swift; sourceTree = "<group>"; };
		88AC7F7526FCA546009B1AF0 /* Inserat.swift */ = {isa = PBXFileReference; lastKnownFileType = sourcecode.swift; path = Inserat.swift; sourceTree = "<group>"; };
		88AD35AA26FC99A400DFE3C0 /* VerkaufstDuAuto.app */ = {isa = PBXFileReference; explicitFileType = wrapper.application; includeInIndex = 0; path = VerkaufstDuAuto.app; sourceTree = BUILT_PRODUCTS_DIR; };
		88AD35AD26FC99A400DFE3C0 /* AppDelegate.swift */ = {isa = PBXFileReference; lastKnownFileType = sourcecode.swift; path = AppDelegate.swift; sourceTree = "<group>"; };
		88AD35AF26FC99A400DFE3C0 /* SceneDelegate.swift */ = {isa = PBXFileReference; lastKnownFileType = sourcecode.swift; path = SceneDelegate.swift; sourceTree = "<group>"; };
		88AD35B426FC99A400DFE3C0 /* Base */ = {isa = PBXFileReference; lastKnownFileType = file.storyboard; name = Base; path = Base.lproj/Main.storyboard; sourceTree = "<group>"; };
		88AD35B626FC99A500DFE3C0 /* Assets.xcassets */ = {isa = PBXFileReference; lastKnownFileType = folder.assetcatalog; path = Assets.xcassets; sourceTree = "<group>"; };
		88AD35B926FC99A500DFE3C0 /* Base */ = {isa = PBXFileReference; lastKnownFileType = file.storyboard; name = Base; path = Base.lproj/LaunchScreen.storyboard; sourceTree = "<group>"; };
		88AD35BB26FC99A500DFE3C0 /* Info.plist */ = {isa = PBXFileReference; lastKnownFileType = text.plist.xml; path = Info.plist; sourceTree = "<group>"; };
		8B9929A85C6C87D44DF3416C /* Pods-VerkaufstDuAuto.debug.xcconfig */ = {isa = PBXFileReference; includeInIndex = 1; lastKnownFileType = text.xcconfig; name = "Pods-VerkaufstDuAuto.debug.xcconfig"; path = "Target Support Files/Pods-VerkaufstDuAuto/Pods-VerkaufstDuAuto.debug.xcconfig"; sourceTree = "<group>"; };
		E3E6E2D39B7906A9D6429625 /* Pods_VerkaufstDuAuto.framework */ = {isa = PBXFileReference; explicitFileType = wrapper.framework; includeInIndex = 0; path = Pods_VerkaufstDuAuto.framework; sourceTree = BUILT_PRODUCTS_DIR; };
/* End PBXFileReference section */

/* Begin PBXFrameworksBuildPhase section */
		88AD35A726FC99A400DFE3C0 /* Frameworks */ = {
			isa = PBXFrameworksBuildPhase;
			buildActionMask = 2147483647;
			files = (
				636FC9D53C25D028275A238A /* Pods_VerkaufstDuAuto.framework in Frameworks */,
			);
			runOnlyForDeploymentPostprocessing = 0;
		};
/* End PBXFrameworksBuildPhase section */

/* Begin PBXGroup section */
		5C228B81B39E12C5864BA5A2 /* Frameworks */ = {
			isa = PBXGroup;
			children = (
				E3E6E2D39B7906A9D6429625 /* Pods_VerkaufstDuAuto.framework */,
			);
			name = Frameworks;
			sourceTree = "<group>";
		};
		71C634A3A8479F3CDF1DEF35 /* Pods */ = {
			isa = PBXGroup;
			children = (
				8B9929A85C6C87D44DF3416C /* Pods-VerkaufstDuAuto.debug.xcconfig */,
				1F9276FF5D48D118A52A7EC5 /* Pods-VerkaufstDuAuto.release.xcconfig */,
			);
			path = Pods;
			sourceTree = "<group>";
		};
		88AD35A126FC99A400DFE3C0 = {
			isa = PBXGroup;
			children = (
				88AD35AC26FC99A400DFE3C0 /* VerkaufstDuAuto */,
				88AD35AB26FC99A400DFE3C0 /* Products */,
				71C634A3A8479F3CDF1DEF35 /* Pods */,
				5C228B81B39E12C5864BA5A2 /* Frameworks */,
			);
			sourceTree = "<group>";
		};
		88AD35AB26FC99A400DFE3C0 /* Products */ = {
			isa = PBXGroup;
			children = (
				88AD35AA26FC99A400DFE3C0 /* VerkaufstDuAuto.app */,
			);
			name = Products;
			sourceTree = "<group>";
		};
		88AD35AC26FC99A400DFE3C0 /* VerkaufstDuAuto */ = {
			isa = PBXGroup;
			children = (
				88981B6B26FD10DE0004512B /* GoogleService-Info.plist */,
				88AD35AD26FC99A400DFE3C0 /* AppDelegate.swift */,
				88AD35AF26FC99A400DFE3C0 /* SceneDelegate.swift */,
				88AD35B326FC99A400DFE3C0 /* Main.storyboard */,
				88AD35B626FC99A500DFE3C0 /* Assets.xcassets */,
				88AD35B826FC99A500DFE3C0 /* LaunchScreen.storyboard */,
				88AD35BB26FC99A500DFE3C0 /* Info.plist */,
				88AC7F7526FCA546009B1AF0 /* Inserat.swift */,
				88981B9326FD162F0004512B /* SuchenView.swift */,
				88981BAA26FD1CF80004512B /* VerkaufenView.swift */,
				88981BDB26FD305A0004512B /* BilderWaehlen.swift */,
				885A79CE26FE7941006E0F04 /* BilderCell.swift */,
				885A79D126FE8147006E0F04 /* KontaktdatenView.swift */,
				885A79D426FE84AB006E0F04 /* fbhandler.swift */,
				885A79EE26FE8650006E0F04 /* Bild.swift */,
				885A79F126FE9351006E0F04 /* InserateCell.swift */,
				880E18C526FF7FB500F555EC /* AutoDetailsView.swift */,
				880E18C826FF8AC000F555EC /* merkenView.swift */,
				889F60782700A35C0094CD67 /* mapTab.swift */,
				88A5ABC6270116760015873A /* infoTab.swift */,
			);
			path = VerkaufstDuAuto;
			sourceTree = "<group>";
		};
/* End PBXGroup section */

/* Begin PBXNativeTarget section */
		88AD35A926FC99A400DFE3C0 /* VerkaufstDuAuto */ = {
			isa = PBXNativeTarget;
			buildConfigurationList = 88AD35BE26FC99A500DFE3C0 /* Build configuration list for PBXNativeTarget "VerkaufstDuAuto" */;
			buildPhases = (
				D44C10A57AE07158A9779A03 /* [CP] Check Pods Manifest.lock */,
				88AD35A626FC99A400DFE3C0 /* Sources */,
				88AD35A726FC99A400DFE3C0 /* Frameworks */,
				88AD35A826FC99A400DFE3C0 /* Resources */,
				EF83EC4AB0FFC16692EB2AFE /* [CP] Embed Pods Frameworks */,
				9BBFD0028C98C55D4E824DF3 /* [CP] Copy Pods Resources */,
			);
			buildRules = (
			);
			dependencies = (
			);
			name = VerkaufstDuAuto;
			productName = VerkaufstDuAuto;
			productReference = 88AD35AA26FC99A400DFE3C0 /* VerkaufstDuAuto.app */;
			productType = "com.apple.product-type.application";
		};
/* End PBXNativeTarget section */

/* Begin PBXProject section */
		88AD35A226FC99A400DFE3C0 /* Project object */ = {
			isa = PBXProject;
			attributes = {
				LastSwiftUpdateCheck = 1240;
				LastUpgradeCheck = 1240;
				TargetAttributes = {
					88AD35A926FC99A400DFE3C0 = {
						CreatedOnToolsVersion = 12.4;
					};
				};
			};
			buildConfigurationList = 88AD35A526FC99A400DFE3C0 /* Build configuration list for PBXProject "VerkaufstDuAuto" */;
			compatibilityVersion = "Xcode 9.3";
			developmentRegion = en;
			hasScannedForEncodings = 0;
			knownRegions = (
				en,
				Base,
			);
			mainGroup = 88AD35A126FC99A400DFE3C0;
			productRefGroup = 88AD35AB26FC99A400DFE3C0 /* Products */;
			projectDirPath = "";
			projectRoot = "";
			targets = (
				88AD35A926FC99A400DFE3C0 /* VerkaufstDuAuto */,
			);
		};
/* End PBXProject section */

/* Begin PBXResourcesBuildPhase section */
		88AD35A826FC99A400DFE3C0 /* Resources */ = {
			isa = PBXResourcesBuildPhase;
			buildActionMask = 2147483647;
			files = (
				88AD35BA26FC99A500DFE3C0 /* LaunchScreen.storyboard in Resources */,
				88981B6C26FD10DE0004512B /* GoogleService-Info.plist in Resources */,
				88AD35B726FC99A500DFE3C0 /* Assets.xcassets in Resources */,
				88AD35B526FC99A400DFE3C0 /* Main.storyboard in Resources */,
			);
			runOnlyForDeploymentPostprocessing = 0;
		};
/* End PBXResourcesBuildPhase section */

/* Begin PBXShellScriptBuildPhase section */
		9BBFD0028C98C55D4E824DF3 /* [CP] Copy Pods Resources */ = {
			isa = PBXShellScriptBuildPhase;
			buildActionMask = 2147483647;
			files = (
			);
			inputFileListPaths = (
				"${PODS_ROOT}/Target Support Files/Pods-VerkaufstDuAuto/Pods-VerkaufstDuAuto-resources-${CONFIGURATION}-input-files.xcfilelist",
			);
			name = "[CP] Copy Pods Resources";
			outputFileListPaths = (
				"${PODS_ROOT}/Target Support Files/Pods-VerkaufstDuAuto/Pods-VerkaufstDuAuto-resources-${CONFIGURATION}-output-files.xcfilelist",
			);
			runOnlyForDeploymentPostprocessing = 0;
			shellPath = /bin/sh;
			shellScript = "\"${PODS_ROOT}/Target Support Files/Pods-VerkaufstDuAuto/Pods-VerkaufstDuAuto-resources.sh\"\n";
			showEnvVarsInLog = 0;
		};
		D44C10A57AE07158A9779A03 /* [CP] Check Pods Manifest.lock */ = {
			isa = PBXShellScriptBuildPhase;
			buildActionMask = 2147483647;
			files = (
			);
			inputFileListPaths = (
			);
			inputPaths = (
				"${PODS_PODFILE_DIR_PATH}/Podfile.lock",
				"${PODS_ROOT}/Manifest.lock",
			);
			name = "[CP] Check Pods Manifest.lock";
			outputFileListPaths = (
			);
			outputPaths = (
				"$(DERIVED_FILE_DIR)/Pods-VerkaufstDuAuto-checkManifestLockResult.txt",
			);
			runOnlyForDeploymentPostprocessing = 0;
			shellPath = /bin/sh;
			shellScript = "diff \"${PODS_PODFILE_DIR_PATH}/Podfile.lock\" \"${PODS_ROOT}/Manifest.lock\" > /dev/null\nif [ $? != 0 ] ; then\n    # print error to STDERR\n    echo \"error: The sandbox is not in sync with the Podfile.lock. Run 'pod install' or update your CocoaPods installation.\" >&2\n    exit 1\nfi\n# This output is used by Xcode 'outputs' to avoid re-running this script phase.\necho \"SUCCESS\" > \"${SCRIPT_OUTPUT_FILE_0}\"\n";
			showEnvVarsInLog = 0;
		};
		EF83EC4AB0FFC16692EB2AFE /* [CP] Embed Pods Frameworks */ = {
			isa = PBXShellScriptBuildPhase;
			buildActionMask = 2147483647;
			files = (
			);
			inputFileListPaths = (
				"${PODS_ROOT}/Target Support Files/Pods-VerkaufstDuAuto/Pods-VerkaufstDuAuto-frameworks-${CONFIGURATION}-input-files.xcfilelist",
			);
			name = "[CP] Embed Pods Frameworks";
			outputFileListPaths = (
				"${PODS_ROOT}/Target Support Files/Pods-VerkaufstDuAuto/Pods-VerkaufstDuAuto-frameworks-${CONFIGURATION}-output-files.xcfilelist",
			);
			runOnlyForDeploymentPostprocessing = 0;
			shellPath = /bin/sh;
			shellScript = "\"${PODS_ROOT}/Target Support Files/Pods-VerkaufstDuAuto/Pods-VerkaufstDuAuto-frameworks.sh\"\n";
			showEnvVarsInLog = 0;
		};
/* End PBXShellScriptBuildPhase section */

/* Begin PBXSourcesBuildPhase section */
		88AD35A626FC99A400DFE3C0 /* Sources */ = {
			isa = PBXSourcesBuildPhase;
			buildActionMask = 2147483647;
			files = (
				88981B9426FD162F0004512B /* SuchenView.swift in Sources */,
				88A5ABC7270116760015873A /* infoTab.swift in Sources */,
				88AD35AE26FC99A400DFE3C0 /* AppDelegate.swift in Sources */,
				889F60792700A35C0094CD67 /* mapTab.swift in Sources */,
				880E18C626FF7FB500F555EC /* AutoDetailsView.swift in Sources */,
				885A79F226FE9351006E0F04 /* InserateCell.swift in Sources */,
				88981BDC26FD305A0004512B /* BilderWaehlen.swift in Sources */,
				88AC7F7626FCA546009B1AF0 /* Inserat.swift in Sources */,
				885A79D226FE8147006E0F04 /* KontaktdatenView.swift in Sources */,
				880E18C926FF8AC000F555EC /* merkenView.swift in Sources */,
				88AD35B026FC99A400DFE3C0 /* SceneDelegate.swift in Sources */,
				885A79EF26FE8650006E0F04 /* Bild.swift in Sources */,
				88981BAB26FD1CF80004512B /* VerkaufenView.swift in Sources */,
				885A79D526FE84AB006E0F04 /* fbhandler.swift in Sources */,
				885A79CF26FE7941006E0F04 /* BilderCell.swift in Sources */,
			);
			runOnlyForDeploymentPostprocessing = 0;
		};
/* End PBXSourcesBuildPhase section */

/* Begin PBXVariantGroup section */
		88AD35B326FC99A400DFE3C0 /* Main.storyboard */ = {
			isa = PBXVariantGroup;
			children = (
				88AD35B426FC99A400DFE3C0 /* Base */,
			);
			name = Main.storyboard;
			sourceTree = "<group>";
		};
		88AD35B826FC99A500DFE3C0 /* LaunchScreen.storyboard */ = {
			isa = PBXVariantGroup;
			children = (
				88AD35B926FC99A500DFE3C0 /* Base */,
			);
			name = LaunchScreen.storyboard;
			sourceTree = "<group>";
		};
/* End PBXVariantGroup section */

/* Begin XCBuildConfiguration section */
		88AD35BC26FC99A500DFE3C0 /* Debug */ = {
			isa = XCBuildConfiguration;
			buildSettings = {
				ALWAYS_SEARCH_USER_PATHS = NO;
				CLANG_ANALYZER_NONNULL = YES;
				CLANG_ANALYZER_NUMBER_OBJECT_CONVERSION = YES_AGGRESSIVE;
				CLANG_CXX_LANGUAGE_STANDARD = "gnu++14";
				CLANG_CXX_LIBRARY = "libc++";
				CLANG_ENABLE_MODULES = YES;
				CLANG_ENABLE_OBJC_ARC = YES;
				CLANG_ENABLE_OBJC_WEAK = YES;
				CLANG_WARN_BLOCK_CAPTURE_AUTORELEASING = YES;
				CLANG_WARN_BOOL_CONVERSION = YES;
				CLANG_WARN_COMMA = YES;
				CLANG_WARN_CONSTANT_CONVERSION = YES;
				CLANG_WARN_DEPRECATED_OBJC_IMPLEMENTATIONS = YES;
				CLANG_WARN_DIRECT_OBJC_ISA_USAGE = YES_ERROR;
				CLANG_WARN_DOCUMENTATION_COMMENTS = YES;
				CLANG_WARN_EMPTY_BODY = YES;
				CLANG_WARN_ENUM_CONVERSION = YES;
				CLANG_WARN_INFINITE_RECURSION = YES;
				CLANG_WARN_INT_CONVERSION = YES;
				CLANG_WARN_NON_LITERAL_NULL_CONVERSION = YES;
				CLANG_WARN_OBJC_IMPLICIT_RETAIN_SELF = YES;
				CLANG_WARN_OBJC_LITERAL_CONVERSION = YES;
				CLANG_WARN_OBJC_ROOT_CLASS = YES_ERROR;
				CLANG_WARN_QUOTED_INCLUDE_IN_FRAMEWORK_HEADER = YES;
				CLANG_WARN_RANGE_LOOP_ANALYSIS = YES;
				CLANG_WARN_STRICT_PROTOTYPES = YES;
				CLANG_WARN_SUSPICIOUS_MOVE = YES;
				CLANG_WARN_UNGUARDED_AVAILABILITY = YES_AGGRESSIVE;
				CLANG_WARN_UNREACHABLE_CODE = YES;
				CLANG_WARN__DUPLICATE_METHOD_MATCH = YES;
				COPY_PHASE_STRIP = NO;
				DEBUG_INFORMATION_FORMAT = dwarf;
				ENABLE_STRICT_OBJC_MSGSEND = YES;
				ENABLE_TESTABILITY = YES;
				GCC_C_LANGUAGE_STANDARD = gnu11;
				GCC_DYNAMIC_NO_PIC = NO;
				GCC_NO_COMMON_BLOCKS = YES;
				GCC_OPTIMIZATION_LEVEL = 0;
				GCC_PREPROCESSOR_DEFINITIONS = (
					"DEBUG=1",
					"$(inherited)",
				);
				GCC_WARN_64_TO_32_BIT_CONVERSION = YES;
				GCC_WARN_ABOUT_RETURN_TYPE = YES_ERROR;
				GCC_WARN_UNDECLARED_SELECTOR = YES;
				GCC_WARN_UNINITIALIZED_AUTOS = YES_AGGRESSIVE;
				GCC_WARN_UNUSED_FUNCTION = YES;
				GCC_WARN_UNUSED_VARIABLE = YES;
				IPHONEOS_DEPLOYMENT_TARGET = 14.4;
				MTL_ENABLE_DEBUG_INFO = INCLUDE_SOURCE;
				MTL_FAST_MATH = YES;
				ONLY_ACTIVE_ARCH = YES;
				SDKROOT = iphoneos;
				SWIFT_ACTIVE_COMPILATION_CONDITIONS = DEBUG;
				SWIFT_OPTIMIZATION_LEVEL = "-Onone";
			};
			name = Debug;
		};
		88AD35BD26FC99A500DFE3C0 /* Release */ = {
			isa = XCBuildConfiguration;
			buildSettings = {
				ALWAYS_SEARCH_USER_PATHS = NO;
				CLANG_ANALYZER_NONNULL = YES;
				CLANG_ANALYZER_NUMBER_OBJECT_CONVERSION = YES_AGGRESSIVE;
				CLANG_CXX_LANGUAGE_STANDARD = "gnu++14";
				CLANG_CXX_LIBRARY = "libc++";
				CLANG_ENABLE_MODULES = YES;
				CLANG_ENABLE_OBJC_ARC = YES;
				CLANG_ENABLE_OBJC_WEAK = YES;
				CLANG_WARN_BLOCK_CAPTURE_AUTORELEASING = YES;
				CLANG_WARN_BOOL_CONVERSION = YES;
				CLANG_WARN_COMMA = YES;
				CLANG_WARN_CONSTANT_CONVERSION = YES;
				CLANG_WARN_DEPRECATED_OBJC_IMPLEMENTATIONS = YES;
				CLANG_WARN_DIRECT_OBJC_ISA_USAGE = YES_ERROR;
				CLANG_WARN_DOCUMENTATION_COMMENTS = YES;
				CLANG_WARN_EMPTY_BODY = YES;
				CLANG_WARN_ENUM_CONVERSION = YES;
				CLANG_WARN_INFINITE_RECURSION = YES;
				CLANG_WARN_INT_CONVERSION = YES;
				CLANG_WARN_NON_LITERAL_NULL_CONVERSION = YES;
				CLANG_WARN_OBJC_IMPLICIT_RETAIN_SELF = YES;
				CLANG_WARN_OBJC_LITERAL_CONVERSION = YES;
				CLANG_WARN_OBJC_ROOT_CLASS = YES_ERROR;
				CLANG_WARN_QUOTED_INCLUDE_IN_FRAMEWORK_HEADER = YES;
				CLANG_WARN_RANGE_LOOP_ANALYSIS = YES;
				CLANG_WARN_STRICT_PROTOTYPES = YES;
				CLANG_WARN_SUSPICIOUS_MOVE = YES;
				CLANG_WARN_UNGUARDED_AVAILABILITY = YES_AGGRESSIVE;
				CLANG_WARN_UNREACHABLE_CODE = YES;
				CLANG_WARN__DUPLICATE_METHOD_MATCH = YES;
				COPY_PHASE_STRIP = NO;
				DEBUG_INFORMATION_FORMAT = "dwarf-with-dsym";
				ENABLE_NS_ASSERTIONS = NO;
				ENABLE_STRICT_OBJC_MSGSEND = YES;
				GCC_C_LANGUAGE_STANDARD = gnu11;
				GCC_NO_COMMON_BLOCKS = YES;
				GCC_WARN_64_TO_32_BIT_CONVERSION = YES;
				GCC_WARN_ABOUT_RETURN_TYPE = YES_ERROR;
				GCC_WARN_UNDECLARED_SELECTOR = YES;
				GCC_WARN_UNINITIALIZED_AUTOS = YES_AGGRESSIVE;
				GCC_WARN_UNUSED_FUNCTION = YES;
				GCC_WARN_UNUSED_VARIABLE = YES;
				IPHONEOS_DEPLOYMENT_TARGET = 14.4;
				MTL_ENABLE_DEBUG_INFO = NO;
				MTL_FAST_MATH = YES;
				SDKROOT = iphoneos;
				SWIFT_COMPILATION_MODE = wholemodule;
				SWIFT_OPTIMIZATION_LEVEL = "-O";
				VALIDATE_PRODUCT = YES;
			};
			name = Release;
		};
		88AD35BF26FC99A500DFE3C0 /* Debug */ = {
			isa = XCBuildConfiguration;
			baseConfigurationReference = 8B9929A85C6C87D44DF3416C /* Pods-VerkaufstDuAuto.debug.xcconfig */;
			buildSettings = {
				ASSETCATALOG_COMPILER_APPICON_NAME = applogo;
				ASSETCATALOG_COMPILER_GLOBAL_ACCENT_COLOR_NAME = AccentColor;
				CODE_SIGN_STYLE = Automatic;
				DEVELOPMENT_TEAM = CMCESWENEQ;
				INFOPLIST_FILE = VerkaufstDuAuto/Info.plist;
				IPHONEOS_DEPLOYMENT_TARGET = 13.0;
				LD_RUNPATH_SEARCH_PATHS = (
					"$(inherited)",
					"@executable_path/Frameworks",
				);
				OTHER_CODE_SIGN_FLAGS = "--generate-entitlement-der";
				PRODUCT_BUNDLE_IDENTIFIER = com.cyberfacility.VerkaufstDuAuto;
				PRODUCT_NAME = "$(TARGET_NAME)";
				SWIFT_VERSION = 5.0;
				TARGETED_DEVICE_FAMILY = "1,2";
			};
			name = Debug;
		};
		88AD35C026FC99A500DFE3C0 /* Release */ = {
			isa = XCBuildConfiguration;
			baseConfigurationReference = 1F9276FF5D48D118A52A7EC5 /* Pods-VerkaufstDuAuto.release.xcconfig */;
			buildSettings = {
				ASSETCATALOG_COMPILER_APPICON_NAME = applogo;
				ASSETCATALOG_COMPILER_GLOBAL_ACCENT_COLOR_NAME = AccentColor;
				CODE_SIGN_STYLE = Automatic;
				DEVELOPMENT_TEAM = CMCESWENEQ;
				INFOPLIST_FILE = VerkaufstDuAuto/Info.plist;
				IPHONEOS_DEPLOYMENT_TARGET = 13.0;
				LD_RUNPATH_SEARCH_PATHS = (
					"$(inherited)",
					"@executable_path/Frameworks",
				);
				OTHER_CODE_SIGN_FLAGS = "--generate-entitlement-der";
				PRODUCT_BUNDLE_IDENTIFIER = com.cyberfacility.VerkaufstDuAuto;
				PRODUCT_NAME = "$(TARGET_NAME)";
				SWIFT_VERSION = 5.0;
				TARGETED_DEVICE_FAMILY = "1,2";
			};
			name = Release;
		};
/* End XCBuildConfiguration section */

/* Begin XCConfigurationList section */
		88AD35A526FC99A400DFE3C0 /* Build configuration list for PBXProject "VerkaufstDuAuto" */ = {
			isa = XCConfigurationList;
			buildConfigurations = (
				88AD35BC26FC99A500DFE3C0 /* Debug */,
				88AD35BD26FC99A500DFE3C0 /* Release */,
			);
			defaultConfigurationIsVisible = 0;
			defaultConfigurationName = Release;
		};
		88AD35BE26FC99A500DFE3C0 /* Build configuration list for PBXNativeTarget "VerkaufstDuAuto" */ = {
			isa = XCConfigurationList;
			buildConfigurations = (
				88AD35BF26FC99A500DFE3C0 /* Debug */,
				88AD35C026FC99A500DFE3C0 /* Release */,
			);
			defaultConfigurationIsVisible = 0;
			defaultConfigurationName = Release;
		};
/* End XCConfigurationList section */
	};
	rootObject = 88AD35A226FC99A400DFE3C0 /* Project object */;
}
